
Microsoft Visual Studio Solution File, Format Version 12.00
# Visual Studio Version 17
VisualStudioVersion = 17.0.31903.59
MinimumVisualStudioVersion = 10.0.40219.1
Project("{FAE04EC0-301F-11D3-BF4B-00C04F79EFBC}") = "TaskManager.API", "TaskManager.API\TaskManager.API.csproj", "{7A1F0767-76E4-4818-B85A-5BD1DA49DE2D}"
EndProject
Project("{FAE04EC0-301F-11D3-BF4B-00C04F79EFBC}") = "TaskManager.Application", "TaskManager.Application\TaskManager.Application.csproj", "{96920D2B-0CE5-4779-9266-A9C528D7DC2B}"
EndProject
Project("{FAE04EC0-301F-11D3-BF4B-00C04F79EFBC}") = "TaskManager.Domain", "TaskManager.Domain\TaskManager.Domain.csproj", "{9F1BC29A-1659-42E7-B348-5618D00DA4DE}"
EndProject
Project("{FAE04EC0-301F-11D3-BF4B-00C04F79EFBC}") = "TaskManager.Infrastructure", "TaskManager.Infrastructure\TaskManager.Infrastructure.csproj", "{3FADA848-6B02-4D78-89BC-DF1FC8BD0A38}"
EndProject
Project("{FAE04EC0-301F-11D3-BF4B-00C04F79EFBC}") = "TaskManager.Tests", "TaskManager.Tests\TaskManager.Tests.csproj", "{C9589C6F-85D9-481A-AE46-28EE3B99D35A}"
EndProject
Global
	GlobalSection(SolutionConfigurationPlatforms) = preSolution
		Debug|Any CPU = Debug|Any CPU
		Release|Any CPU = Release|Any CPU
	EndGlobalSection
	GlobalSection(SolutionProperties) = preSolution
		HideSolutionNode = FALSE
	EndGlobalSection
	GlobalSection(ProjectConfigurationPlatforms) = postSolution
		{7A1F0767-76E4-4818-B85A-5BD1DA49DE2D}.Debug|Any CPU.ActiveCfg = Debug|Any CPU
		{7A1F0767-76E4-4818-B85A-5BD1DA49DE2D}.Debug|Any CPU.Build.0 = Debug|Any CPU
		{7A1F0767-76E4-4818-B85A-5BD1DA49DE2D}.Release|Any CPU.ActiveCfg = Release|Any CPU
		{7A1F0767-76E4-4818-B85A-5BD1DA49DE2D}.Release|Any CPU.Build.0 = Release|Any CPU
		{96920D2B-0CE5-4779-9266-A9C528D7DC2B}.Debug|Any CPU.ActiveCfg = Debug|Any CPU
		{96920D2B-0CE5-4779-9266-A9C528D7DC2B}.Debug|Any CPU.Build.0 = Debug|Any CPU
		{96920D2B-0CE5-4779-9266-A9C528D7DC2B}.Release|Any CPU.ActiveCfg = Release|Any CPU
		{96920D2B-0CE5-4779-9266-A9C528D7DC2B}.Release|Any CPU.Build.0 = Release|Any CPU
		{9F1BC29A-1659-42E7-B348-5618D00DA4DE}.Debug|Any CPU.ActiveCfg = Debug|Any CPU
		{9F1BC29A-1659-42E7-B348-5618D00DA4DE}.Debug|Any CPU.Build.0 = Debug|Any CPU
		{9F1BC29A-1659-42E7-B348-5618D00DA4DE}.Release|Any CPU.ActiveCfg = Release|Any CPU
		{9F1BC29A-1659-42E7-B348-5618D00DA4DE}.Release|Any CPU.Build.0 = Release|Any CPU
		{3FADA848-6B02-4D78-89BC-DF1FC8BD0A38}.Debug|Any CPU.ActiveCfg = Debug|Any CPU
		{3FADA848-6B02-4D78-89BC-DF1FC8BD0A38}.Debug|Any CPU.Build.0 = Debug|Any CPU
		{3FADA848-6B02-4D78-89BC-DF1FC8BD0A38}.Release|Any CPU.ActiveCfg = Release|Any CPU
		{3FADA848-6B02-4D78-89BC-DF1FC8BD0A38}.Release|Any CPU.Build.0 = Release|Any CPU
		{C9589C6F-85D9-481A-AE46-28EE3B99D35A}.Debug|Any CPU.ActiveCfg = Debug|Any CPU
		{C9589C6F-85D9-481A-AE46-28EE3B99D35A}.Debug|Any CPU.Build.0 = Debug|Any CPU
		{C9589C6F-85D9-481A-AE46-28EE3B99D35A}.Release|Any CPU.ActiveCfg = Release|Any CPU
		{C9589C6F-85D9-481A-AE46-28EE3B99D35A}.Release|Any CPU.Build.0 = Release|Any CPU
	EndGlobalSection
EndGlobal
